
Microsoft Visual Studio Solution File, Format Version 12.00
# Visual Studio Version 17
VisualStudioVersion = 17.14.36414.22 d17.14
MinimumVisualStudioVersion = 10.0.40219.1
Project("{FAE04EC0-301F-11D3-BF4B-00C04F79EFBC}") = "AccountService.API", "AccountService.API\AccountService.API.csproj", "{0A45DF7F-A9D0-4BDA-9872-6A6EB6555D45}"
EndProject
Project("{FAE04EC0-301F-11D3-BF4B-00C04F79EFBC}") = "AccountService.Core", "AccountService.Core\AccountService.Core.csproj", "{A995E062-563C-477F-AA08-426773B10D2E}"
EndProject
Project("{FAE04EC0-301F-11D3-BF4B-00C04F79EFBC}") = "AccountService.Infrastructure", "AccountService.Infrastructure\AccountService.Infrastructure.csproj", "{4FADE7ED-BC73-4590-B3F8-4FD57298131E}"
EndProject
Global
	GlobalSection(SolutionConfigurationPlatforms) = preSolution
		Debug|Any CPU = Debug|Any CPU
		Release|Any CPU = Release|Any CPU
	EndGlobalSection
	GlobalSection(ProjectConfigurationPlatforms) = postSolution
		{0A45DF7F-A9D0-4BDA-9872-6A6EB6555D45}.Debug|Any CPU.ActiveCfg = Debug|Any CPU
		{0A45DF7F-A9D0-4BDA-9872-6A6EB6555D45}.Debug|Any CPU.Build.0 = Debug|Any CPU
		{0A45DF7F-A9D0-4BDA-9872-6A6EB6555D45}.Release|Any CPU.ActiveCfg = Release|Any CPU
		{0A45DF7F-A9D0-4BDA-9872-6A6EB6555D45}.Release|Any CPU.Build.0 = Release|Any CPU
		{A995E062-563C-477F-AA08-426773B10D2E}.Debug|Any CPU.ActiveCfg = Debug|Any CPU
		{A995E062-563C-477F-AA08-426773B10D2E}.Debug|Any CPU.Build.0 = Debug|Any CPU
		{A995E062-563C-477F-AA08-426773B10D2E}.Release|Any CPU.ActiveCfg = Release|Any CPU
		{A995E062-563C-477F-AA08-426773B10D2E}.Release|Any CPU.Build.0 = Release|Any CPU
		{4FADE7ED-BC73-4590-B3F8-4FD57298131E}.Debug|Any CPU.ActiveCfg = Debug|Any CPU
		{4FADE7ED-BC73-4590-B3F8-4FD57298131E}.Debug|Any CPU.Build.0 = Debug|Any CPU
		{4FADE7ED-BC73-4590-B3F8-4FD57298131E}.Release|Any CPU.ActiveCfg = Release|Any CPU
		{4FADE7ED-BC73-4590-B3F8-4FD57298131E}.Release|Any CPU.Build.0 = Release|Any CPU
	EndGlobalSection
	GlobalSection(SolutionProperties) = preSolution
		HideSolutionNode = FALSE
	EndGlobalSection
	GlobalSection(ExtensibilityGlobals) = postSolution
		SolutionGuid = {E0C278F2-4BD1-47D8-8F87-4A24A0B0AC44}
	EndGlobalSection
EndGlobal
